
Microsoft Visual Studio Solution File, Format Version 12.00
# Visual Studio Version 16
VisualStudioVersion = 16.0.29102.190
MinimumVisualStudioVersion = 10.0.40219.1
Project("{FAE04EC0-301F-11D3-BF4B-00C04F79EFBC}") = "RSS Reader", "RSS Reader\RSS Reader.csproj", "{2CC85DA8-1ECA-45EB-8485-DC02CBC4E06F}"
EndProject
Global
	GlobalSection(SolutionConfigurationPlatforms) = preSolution
		Debug|Any CPU = Debug|Any CPU
		Release|Any CPU = Release|Any CPU
	EndGlobalSection
	GlobalSection(ProjectConfigurationPlatforms) = postSolution
		{2CC85DA8-1ECA-45EB-8485-DC02CBC4E06F}.Debug|Any CPU.ActiveCfg = Debug|Any CPU
		{2CC85DA8-1ECA-45EB-8485-DC02CBC4E06F}.Debug|Any CPU.Build.0 = Debug|Any CPU
		{2CC85DA8-1ECA-45EB-8485-DC02CBC4E06F}.Release|Any CPU.ActiveCfg = Release|Any CPU
		{2CC85DA8-1ECA-45EB-8485-DC02CBC4E06F}.Release|Any CPU.Build.0 = Release|Any CPU
	EndGlobalSection
	GlobalSection(SolutionProperties) = preSolution
		HideSolutionNode = FALSE
	EndGlobalSection
	GlobalSection(ExtensibilityGlobals) = postSolution
		SolutionGuid = {7E4825BA-B1D6-4F46-A958-AAF4D57E9BA8}
	EndGlobalSection
EndGlobal
